Microsoft Visual Studio Solution File, Format Version 12.00
# Visual Studio Version 17
VisualStudioVersion = 17.5.2.0
MinimumVisualStudioVersion = 10.0.40219.1
Project("{FAE04EC0-301F-11D3-BF4B-00C04F79EFBC}") = "tilakone", "tilakone.csproj", "{98EFAC3A-8D4A-716B-5AC7-F13138074C2E}"
EndProject
Global
	GlobalSection(SolutionConfigurationPlatforms) = preSolution
		Debug|Any CPU = Debug|Any CPU
		Release|Any CPU = Release|Any CPU
	EndGlobalSection
	GlobalSection(ProjectConfigurationPlatforms) = postSolution
		{98EFAC3A-8D4A-716B-5AC7-F13138074C2E}.Debug|Any CPU.ActiveCfg = Debug|Any CPU
		{98EFAC3A-8D4A-716B-5AC7-F13138074C2E}.Debug|Any CPU.Build.0 = Debug|Any CPU
		{98EFAC3A-8D4A-716B-5AC7-F13138074C2E}.Release|Any CPU.ActiveCfg = Release|Any CPU
		{98EFAC3A-8D4A-716B-5AC7-F13138074C2E}.Release|Any CPU.Build.0 = Release|Any CPU
	EndGlobalSection
	GlobalSection(SolutionProperties) = preSolution
		HideSolutionNode = FALSE
	EndGlobalSection
	GlobalSection(ExtensibilityGlobals) = postSolution
		SolutionGuid = {64F0E2AD-955B-40FE-9B06-95D7AA7D04A6}
	EndGlobalSection
EndGlobal
